
Microsoft Visual Studio Solution File, Format Version 12.00
# Visual Studio Version 17
VisualStudioVersion = 17.14.36301.6 d17.14
MinimumVisualStudioVersion = 10.0.40219.1
Project("{8BC9CEB8-8B4A-11D0-8D11-00A0C91BC942}") = "IfritLoader", "IfritLoader\IfritLoader.vcxproj", "{69293141-2CA9-4626-8DE6-B487517C5402}"
EndProject
Project("{8BC9CEB8-8B4A-11D0-8D11-00A0C91BC942}") = "IfritLoader_Hardcoded", "IfritLoader_Hardcoded\IfritLoader_Hardcoded.vcxproj", "{BBDD7348-D2F4-46A9-AB9E-F00427C06EE1}"
EndProject
Global
	GlobalSection(SolutionConfigurationPlatforms) = preSolution
		Debug|x64 = Debug|x64
		Debug|x86 = Debug|x86
		Release|x64 = Release|x64
		Release|x86 = Release|x86
	EndGlobalSection
	GlobalSection(ProjectConfigurationPlatforms) = postSolution
		{69293141-2CA9-4626-8DE6-B487517C5402}.Debug|x64.ActiveCfg = Debug|x64
		{69293141-2CA9-4626-8DE6-B487517C5402}.Debug|x64.Build.0 = Debug|x64
		{69293141-2CA9-4626-8DE6-B487517C5402}.Debug|x86.ActiveCfg = Debug|Win32
		{69293141-2CA9-4626-8DE6-B487517C5402}.Debug|x86.Build.0 = Debug|Win32
		{69293141-2CA9-4626-8DE6-B487517C5402}.Release|x64.ActiveCfg = Release|x64
		{69293141-2CA9-4626-8DE6-B487517C5402}.Release|x64.Build.0 = Release|x64
		{69293141-2CA9-4626-8DE6-B487517C5402}.Release|x86.ActiveCfg = Release|Win32
		{69293141-2CA9-4626-8DE6-B487517C5402}.Release|x86.Build.0 = Release|Win32
		{BBDD7348-D2F4-46A9-AB9E-F00427C06EE1}.Debug|x64.ActiveCfg = Debug|x64
		{BBDD7348-D2F4-46A9-AB9E-F00427C06EE1}.Debug|x64.Build.0 = Debug|x64
		{BBDD7348-D2F4-46A9-AB9E-F00427C06EE1}.Debug|x86.ActiveCfg = Debug|Win32
		{BBDD7348-D2F4-46A9-AB9E-F00427C06EE1}.Debug|x86.Build.0 = Debug|Win32
		{BBDD7348-D2F4-46A9-AB9E-F00427C06EE1}.Release|x64.ActiveCfg = Release|x64
		{BBDD7348-D2F4-46A9-AB9E-F00427C06EE1}.Release|x64.Build.0 = Release|x64
		{BBDD7348-D2F4-46A9-AB9E-F00427C06EE1}.Release|x86.ActiveCfg = Release|Win32
		{BBDD7348-D2F4-46A9-AB9E-F00427C06EE1}.Release|x86.Build.0 = Release|Win32
	EndGlobalSection
	GlobalSection(SolutionProperties) = preSolution
		HideSolutionNode = FALSE
	EndGlobalSection
	GlobalSection(ExtensibilityGlobals) = postSolution
		SolutionGuid = {E96DF357-51EE-49B0-8181-329BDE3E6893}
	EndGlobalSection
EndGlobal
